// !$*UTF8*$!
{
	archiveVersion = 1;
	classes = {
	};
	objectVersion = 50;
	objects = {

/* Begin PBXBuildFile section */
		D9A4DA2424B9C4ED007549FF /* AppDelegate.swift in Sources */ = {isa = PBXBuildFile; fileRef = D9A4DA2324B9C4ED007549FF /* AppDelegate.swift */; };
		D9A4DA2624B9C4ED007549FF /* SceneDelegate.swift in Sources */ = {isa = PBXBuildFile; fileRef = D9A4DA2524B9C4ED007549FF /* SceneDelegate.swift */; };
		D9A4DA2824B9C4ED007549FF /* ContentView.swift in Sources */ = {isa = PBXBuildFile; fileRef = D9A4DA2724B9C4ED007549FF /* ContentView.swift */; };
		D9A4DA2A24B9C4EE007549FF /* Assets.xcassets in Resources */ = {isa = PBXBuildFile; fileRef = D9A4DA2924B9C4EE007549FF /* Assets.xcassets */; };
		D9A4DA2D24B9C4EE007549FF /* Preview Assets.xcassets in Resources */ = {isa = PBXBuildFile; fileRef = D9A4DA2C24B9C4EE007549FF /* Preview Assets.xcassets */; };
		D9A4DA3024B9C4EE007549FF /* LaunchScreen.storyboard in Resources */ = {isa = PBXBuildFile; fileRef = D9A4DA2E24B9C4EE007549FF /* LaunchScreen.storyboard */; };
		D9A4DA3924B9CCF5007549FF /* NewsBrandList.swift in Sources */ = {isa = PBXBuildFile; fileRef = D9A4DA3824B9CCF5007549FF /* NewsBrandList.swift */; };
/* End PBXBuildFile section */

/* Begin PBXFileReference section */
		D9A4DA2024B9C4ED007549FF /* DemoApp.app */ = {isa = PBXFileReference; explicitFileType = wrapper.application; includeInIndex = 0; path = DemoApp.app; sourceTree = BUILT_PRODUCTS_DIR; };
		D9A4DA2324B9C4ED007549FF /* AppDelegate.swift */ = {isa = PBXFileReference; lastKnownFileType = sourcecode.swift; path = AppDelegate.swift; sourceTree = "<group>"; };
		D9A4DA2524B9C4ED007549FF /* SceneDelegate.swift */ = {isa = PBXFileReference; lastKnownFileType = sourcecode.swift; path = SceneDelegate.swift; sourceTree = "<group>"; };
		D9A4DA2724B9C4ED007549FF /* ContentView.swift */ = {isa = PBXFileReference; lastKnownFileType = sourcecode.swift; path = ContentView.swift; sourceTree = "<group>"; };
		D9A4DA2924B9C4EE007549FF /* Assets.xcassets */ = {isa = PBXFileReference; lastKnownFileType = folder.assetcatalog; path = Assets.xcassets; sourceTree = "<group>"; };
		D9A4DA2C24B9C4EE007549FF /* Preview Assets.xcassets */ = {isa = PBXFileReference; lastKnownFileType = folder.assetcatalog; path = "Preview Assets.xcassets"; sourceTree = "<group>"; };
		D9A4DA2F24B9C4EE007549FF /* Base */ = {isa = PBXFileReference; lastKnownFileType = file.storyboard; name = Base; path = Base.lproj/LaunchScreen.storyboard; sourceTree = "<group>"; };
		D9A4DA3124B9C4EE007549FF /* Info.plist */ = {isa = PBXFileReference; lastKnownFileType = text.plist.xml; path = Info.plist; sourceTree = "<group>"; };
		D9A4DA3824B9CCF5007549FF /* NewsBrandList.swift */ = {isa = PBXFileReference; lastKnownFileType = sourcecode.swift; path = NewsBrandList.swift; sourceTree = "<group>"; };
/* End PBXFileReference section */

/* Begin PBXFrameworksBuildPhase section */
		D9A4DA1D24B9C4ED007549FF /* Frameworks */ = {
			isa = PBXFrameworksBuildPhase;
			buildActionMask = 2147483647;
			files = (
			);
			runOnlyForDeploymentPostprocessing = 0;
		};
/* End PBXFrameworksBuildPhase section */

/* Begin PBXGroup section */
		D9A4DA1724B9C4ED007549FF = {
			isa = PBXGroup;
			children = (
				D9A4DA2224B9C4ED007549FF /* DemoApp */,
				D9A4DA2124B9C4ED007549FF /* Products */,
			);
			sourceTree = "<group>";
		};
		D9A4DA2124B9C4ED007549FF /* Products */ = {
			isa = PBXGroup;
			children = (
				D9A4DA2024B9C4ED007549FF /* DemoApp.app */,
			);
			name = Products;
			sourceTree = "<group>";
		};
		D9A4DA2224B9C4ED007549FF /* DemoApp */ = {
			isa = PBXGroup;
			children = (
				D9A4DA2324B9C4ED007549FF /* AppDelegate.swift */,
				D9A4DA2524B9C4ED007549FF /* SceneDelegate.swift */,
				D9A4DA2724B9C4ED007549FF /* ContentView.swift */,
				D9A4DA3724B9CCDF007549FF /* AutoExpo */,
				D9A4DA2924B9C4EE007549FF /* Assets.xcassets */,
				D9A4DA2E24B9C4EE007549FF /* LaunchScreen.storyboard */,
				D9A4DA3124B9C4EE007549FF /* Info.plist */,
				D9A4DA2B24B9C4EE007549FF /* Preview Content */,
			);
			path = DemoApp;
			sourceTree = "<group>";
		};
		D9A4DA2B24B9C4EE007549FF /* Preview Content */ = {
			isa = PBXGroup;
			children = (
				D9A4DA2C24B9C4EE007549FF /* Preview Assets.xcassets */,
			);
			path = "Preview Content";
			sourceTree = "<group>";
		};
		D9A4DA3724B9CCDF007549FF /* AutoExpo */ = {
			isa = PBXGroup;
			children = (
				D9A4DA3824B9CCF5007549FF /* NewsBrandList.swift */,
			);
			path = AutoExpo;
			sourceTree = "<group>";
		};
/* End PBXGroup section */

/* Begin PBXNativeTarget section */
		D9A4DA1F24B9C4ED007549FF /* DemoApp */ = {
			isa = PBXNativeTarget;
			buildConfigurationList = D9A4DA3424B9C4EE007549FF /* Build configuration list for PBXNativeTarget "DemoApp" */;
			buildPhases = (
				D9A4DA1C24B9C4ED007549FF /* Sources */,
				D9A4DA1D24B9C4ED007549FF /* Frameworks */,
				D9A4DA1E24B9C4ED007549FF /* Resources */,
			);
			buildRules = (
			);
			dependencies = (
			);
			name = DemoApp;
			productName = DemoApp;
			productReference = D9A4DA2024B9C4ED007549FF /* DemoApp.app */;
			productType = "com.apple.product-type.application";
		};
/* End PBXNativeTarget section */

/* Begin PBXProject section */
		D9A4DA1824B9C4ED007549FF /* Project object */ = {
			isa = PBXProject;
			attributes = {
				LastSwiftUpdateCheck = 1150;
				LastUpgradeCheck = 1150;
				ORGANIZATIONNAME = DemoApp;
				TargetAttributes = {
					D9A4DA1F24B9C4ED007549FF = {
						CreatedOnToolsVersion = 11.5;
					};
				};
			};
			buildConfigurationList = D9A4DA1B24B9C4ED007549FF /* Build configuration list for PBXProject "DemoApp" */;
			compatibilityVersion = "Xcode 9.3";
			developmentRegion = en;
			hasScannedForEncodings = 0;
			knownRegions = (
				en,
				Base,
			);
			mainGroup = D9A4DA1724B9C4ED007549FF;
			productRefGroup = D9A4DA2124B9C4ED007549FF /* Products */;
			projectDirPath = "";
			projectRoot = "";
			targets = (
				D9A4DA1F24B9C4ED007549FF /* DemoApp */,
			);
		};
/* End PBXProject section */

/* Begin PBXResourcesBuildPhase section */
		D9A4DA1E24B9C4ED007549FF /* Resources */ = {
			isa = PBXResourcesBuildPhase;
			buildActionMask = 2147483647;
			files = (
				D9A4DA3024B9C4EE007549FF /* LaunchScreen.storyboard in Resources */,
				D9A4DA2D24B9C4EE007549FF /* Preview Assets.xcassets in Resources */,
				D9A4DA2A24B9C4EE007549FF /* Assets.xcassets in Resources */,
			);
			runOnlyForDeploymentPostprocessing = 0;
		};
/* End PBXResourcesBuildPhase section */

/* Begin PBXSourcesBuildPhase section */
		D9A4DA1C24B9C4ED007549FF /* Sources */ = {
			isa = PBXSourcesBuildPhase;
			buildActionMask = 2147483647;
			files = (
				D9A4DA2424B9C4ED007549FF /* AppDelegate.swift in Sources */,
				D9A4DA2624B9C4ED007549FF /* SceneDelegate.swift in Sources */,
				D9A4DA3924B9CCF5007549FF /* NewsBrandList.swift in Sources */,
				D9A4DA2824B9C4ED007549FF /* ContentView.swift in Sources */,
			);
			runOnlyForDeploymentPostprocessing = 0;
		};
/* End PBXSourcesBuildPhase section */

/* Begin PBXVariantGroup section */
		D9A4DA2E24B9C4EE007549FF /* LaunchScreen.storyboard */ = {
			isa = PBXVariantGroup;
			children = (
				D9A4DA2F24B9C4EE007549FF /* Base */,
			);
			name = LaunchScreen.storyboard;
			sourceTree = "<group>";
		};
/* End PBXVariantGroup section */

/* Begin XCBuildConfiguration section */
		D9A4DA3224B9C4EE007549FF /* Debug */ = {
			isa = XCBuildConfiguration;
			buildSettings = {
				ALWAYS_SEARCH_USER_PATHS = NO;
				CLANG_ANALYZER_NONNULL = YES;
				CLANG_ANALYZER_NUMBER_OBJECT_CONVERSION = YES_AGGRESSIVE;
				CLANG_CXX_LANGUAGE_STANDARD = "gnu++14";
				CLANG_CXX_LIBRARY = "libc++";
				CLANG_ENABLE_MODULES = YES;
				CLANG_ENABLE_OBJC_ARC = YES;
				CLANG_ENABLE_OBJC_WEAK = YES;
				CLANG_WARN_BLOCK_CAPTURE_AUTORELEASING = YES;
				CLANG_WARN_BOOL_CONVERSION = YES;
				CLANG_WARN_COMMA = YES;
				CLANG_WARN_CONSTANT_CONVERSION = YES;
				CLANG_WARN_DEPRECATED_OBJC_IMPLEMENTATIONS = YES;
				CLANG_WARN_DIRECT_OBJC_ISA_USAGE = YES_ERROR;
				CLANG_WARN_DOCUMENTATION_COMMENTS = YES;
				CLANG_WARN_EMPTY_BODY = YES;
				CLANG_WARN_ENUM_CONVERSION = YES;
				CLANG_WARN_INFINITE_RECURSION = YES;
				CLANG_WARN_INT_CONVERSION = YES;
				CLANG_WARN_NON_LITERAL_NULL_CONVERSION = YES;
				CLANG_WARN_OBJC_IMPLICIT_RETAIN_SELF = YES;
				CLANG_WARN_OBJC_LITERAL_CONVERSION = YES;
				CLANG_WARN_OBJC_ROOT_CLASS = YES_ERROR;
				CLANG_WARN_RANGE_LOOP_ANALYSIS = YES;
				CLANG_WARN_STRICT_PROTOTYPES = YES;
				CLANG_WARN_SUSPICIOUS_MOVE = YES;
				CLANG_WARN_UNGUARDED_AVAILABILITY = YES_AGGRESSIVE;
				CLANG_WARN_UNREACHABLE_CODE = YES;
				CLANG_WARN__DUPLICATE_METHOD_MATCH = YES;
				COPY_PHASE_STRIP = NO;
				DEBUG_INFORMATION_FORMAT = dwarf;
				ENABLE_STRICT_OBJC_MSGSEND = YES;
				ENABLE_TESTABILITY = YES;
				GCC_C_LANGUAGE_STANDARD = gnu11;
				GCC_DYNAMIC_NO_PIC = NO;
				GCC_NO_COMMON_BLOCKS = YES;
				GCC_OPTIMIZATION_LEVEL = 0;
				GCC_PREPROCESSOR_DEFINITIONS = (
					"DEBUG=1",
					"$(inherited)",
				);
				GCC_WARN_64_TO_32_BIT_CONVERSION = YES;
				GCC_WARN_ABOUT_RETURN_TYPE = YES_ERROR;
				GCC_WARN_UNDECLARED_SELECTOR = YES;
				GCC_WARN_UNINITIALIZED_AUTOS = YES_AGGRESSIVE;
				GCC_WARN_UNUSED_FUNCTION = YES;
				GCC_WARN_UNUSED_VARIABLE = YES;
				IPHONEOS_DEPLOYMENT_TARGET = 13.5;
				MTL_ENABLE_DEBUG_INFO = INCLUDE_SOURCE;
				MTL_FAST_MATH = YES;
				ONLY_ACTIVE_ARCH = YES;
				SDKROOT = iphoneos;
				SWIFT_ACTIVE_COMPILATION_CONDITIONS = DEBUG;
				SWIFT_OPTIMIZATION_LEVEL = "-Onone";
			};
			name = Debug;
		};
		D9A4DA3324B9C4EE007549FF /* Release */ = {
			isa = XCBuildConfiguration;
			buildSettings = {
				ALWAYS_SEARCH_USER_PATHS = NO;
				CLANG_ANALYZER_NONNULL = YES;
				CLANG_ANALYZER_NUMBER_OBJECT_CONVERSION = YES_AGGRESSIVE;
				CLANG_CXX_LANGUAGE_STANDARD = "gnu++14";
				CLANG_CXX_LIBRARY = "libc++";
				CLANG_ENABLE_MODULES = YES;
				CLANG_ENABLE_OBJC_ARC = YES;
				CLANG_ENABLE_OBJC_WEAK = YES;
				CLANG_WARN_BLOCK_CAPTURE_AUTORELEASING = YES;
				CLANG_WARN_BOOL_CONVERSION = YES;
				CLANG_WARN_COMMA = YES;
				CLANG_WARN_CONSTANT_CONVERSION = YES;
				CLANG_WARN_DEPRECATED_OBJC_IMPLEMENTATIONS = YES;
				CLANG_WARN_DIRECT_OBJC_ISA_USAGE = YES_ERROR;
				CLANG_WARN_DOCUMENTATION_COMMENTS = YES;
				CLANG_WARN_EMPTY_BODY = YES;
				CLANG_WARN_ENUM_CONVERSION = YES;
				CLANG_WARN_INFINITE_RECURSION = YES;
				CLANG_WARN_INT_CONVERSION = YES;
				CLANG_WARN_NON_LITERAL_NULL_CONVERSION = YES;
				CLANG_WARN_OBJC_IMPLICIT_RETAIN_SELF = YES;
				CLANG_WARN_OBJC_LITERAL_CONVERSION = YES;
				CLANG_WARN_OBJC_ROOT_CLASS = YES_ERROR;
				CLANG_WARN_RANGE_LOOP_ANALYSIS = YES;
				CLANG_WARN_STRICT_PROTOTYPES = YES;
				CLANG_WARN_SUSPICIOUS_MOVE = YES;
				CLANG_WARN_UNGUARDED_AVAILABILITY = YES_AGGRESSIVE;
				CLANG_WARN_UNREACHABLE_CODE = YES;
				CLANG_WARN__DUPLICATE_METHOD_MATCH = YES;
				COPY_PHASE_STRIP = NO;
				DEBUG_INFORMATION_FORMAT = "dwarf-with-dsym";
				ENABLE_NS_ASSERTIONS = NO;
				ENABLE_STRICT_OBJC_MSGSEND = YES;
				GCC_C_LANGUAGE_STANDARD = gnu11;
				GCC_NO_COMMON_BLOCKS = YES;
				GCC_WARN_64_TO_32_BIT_CONVERSION = YES;
				GCC_WARN_ABOUT_RETURN_TYPE = YES_ERROR;
				GCC_WARN_UNDECLARED_SELECTOR = YES;
				GCC_WARN_UNINITIALIZED_AUTOS = YES_AGGRESSIVE;
				GCC_WARN_UNUSED_FUNCTION = YES;
				GCC_WARN_UNUSED_VARIABLE = YES;
				IPHONEOS_DEPLOYMENT_TARGET = 13.5;
				MTL_ENABLE_DEBUG_INFO = NO;
				MTL_FAST_MATH = YES;
				SDKROOT = iphoneos;
				SWIFT_COMPILATION_MODE = wholemodule;
				SWIFT_OPTIMIZATION_LEVEL = "-O";
				VALIDATE_PRODUCT = YES;
			};
			name = Release;
		};
		D9A4DA3524B9C4EE007549FF /* Debug */ = {
			isa = XCBuildConfiguration;
			buildSettings = {
				ASSETCATALOG_COMPILER_APPICON_NAME = AppIcon;
				CODE_SIGN_STYLE = Automatic;
				DEVELOPMENT_ASSET_PATHS = "\"DemoApp/Preview Content\"";
				DEVELOPMENT_TEAM = 9U763G3EY8;
				ENABLE_PREVIEWS = YES;
				INFOPLIST_FILE = DemoApp/Info.plist;
				LD_RUNPATH_SEARCH_PATHS = (
					"$(inherited)",
					"@executable_path/Frameworks",
				);
				PRODUCT_BUNDLE_IDENTIFIER = com.demoapp.app.DemoApp;
				PRODUCT_NAME = "$(TARGET_NAME)";
				SWIFT_VERSION = 5.0;
				TARGETED_DEVICE_FAMILY = "1,2";
			};
			name = Debug;
		};
		D9A4DA3624B9C4EE007549FF /* Release */ = {
			isa = XCBuildConfiguration;
			buildSettings = {
				ASSETCATALOG_COMPILER_APPICON_NAME = AppIcon;
				CODE_SIGN_STYLE = Automatic;
				DEVELOPMENT_ASSET_PATHS = "\"DemoApp/Preview Content\"";
				DEVELOPMENT_TEAM = 9U763G3EY8;
				ENABLE_PREVIEWS = YES;
				INFOPLIST_FILE = DemoApp/Info.plist;
				LD_RUNPATH_SEARCH_PATHS = (
					"$(inherited)",
					"@executable_path/Frameworks",
				);
				PRODUCT_BUNDLE_IDENTIFIER = com.demoapp.app.DemoApp;
				PRODUCT_NAME = "$(TARGET_NAME)";
				SWIFT_VERSION = 5.0;
				TARGETED_DEVICE_FAMILY = "1,2";
			};
			name = Release;
		};
/* End XCBuildConfiguration section */

/* Begin XCConfigurationList section */
		D9A4DA1B24B9C4ED007549FF /* Build configuration list for PBXProject "DemoApp" */ = {
			isa = XCConfigurationList;
			buildConfigurations = (
				D9A4DA3224B9C4EE007549FF /* Debug */,
				D9A4DA3324B9C4EE007549FF /* Release */,
			);
			defaultConfigurationIsVisible = 0;
			defaultConfigurationName = Release;
		};
		D9A4DA3424B9C4EE007549FF /* Build configuration list for PBXNativeTarget "DemoApp" */ = {
			isa = XCConfigurationList;
			buildConfigurations = (
				D9A4DA3524B9C4EE007549FF /* Debug */,
				D9A4DA3624B9C4EE007549FF /* Release */,
			);
			defaultConfigurationIsVisible = 0;
			defaultConfigurationName = Release;
		};
/* End XCConfigurationList section */
	};
	rootObject = D9A4DA1824B9C4ED007549FF /* Project object */;
}
